Microsoft Visual Studio Solution File, Format Version 8.00
Project("{8BC9CEB8-8B4A-11D0-8D11-00A0C91BC942}") = "richbooltest", "test\basics\richbooltestbasics-7.1.vcproj", "{04D2216D-23A0-414E-96A4-C84E6B8A310F}"
	ProjectSection(ProjectDependencies) = postProject
		{7147C67A-CD93-4592-AD6C-A46CD555E5DD} = {7147C67A-CD93-4592-AD6C-A46CD555E5DD}
	EndProjectSection
EndProject
Project("{8BC9CEB8-8B4A-11D0-8D11-00A0C91BC942}") = "richbooltestmacros", "test\macros\richbooltestmacros-7.1.vcproj", "{70A6C038-1902-4BF0-89F3-56FCF6B6EBC6}"
	ProjectSection(ProjectDependencies) = postProject
		{7147C67A-CD93-4592-AD6C-A46CD555E5DD} = {7147C67A-CD93-4592-AD6C-A46CD555E5DD}
	EndProjectSection
EndProject
Project("{8BC9CEB8-8B4A-11D0-8D11-00A0C91BC942}") = "richbooltestranges", "test\ranges\richbooltestranges-7.1.vcproj", "{41810293-7206-42AD-B617-3B8D47705AED}"
	ProjectSection(ProjectDependencies) = postProject
		{7147C67A-CD93-4592-AD6C-A46CD555E5DD} = {7147C67A-CD93-4592-AD6C-A46CD555E5DD}
	EndProjectSection
EndProject
Project("{8BC9CEB8-8B4A-11D0-8D11-00A0C91BC942}") = "RichBool", "RichBool-7.1.vcproj", "{7147C67A-CD93-4592-AD6C-A46CD555E5DD}"
	ProjectSection(ProjectDependencies) = postProject
	EndProjectSection
EndProject
Global
	GlobalSection(SolutionConfiguration) = preSolution
		DebugMT = DebugMT
		DebugMTD = DebugMTD
		DebugST = DebugST
		DebugWxMTD = DebugWxMTD
		ReleaseMT = ReleaseMT
		ReleaseMTD = ReleaseMTD
		ReleaseST = ReleaseST
		ReleaseWxMTD = ReleaseWxMTD
	EndGlobalSection
	GlobalSection(ProjectConfiguration) = postSolution
		{04D2216D-23A0-414E-96A4-C84E6B8A310F}.DebugMT.ActiveCfg = DebugMT|Win32
		{04D2216D-23A0-414E-96A4-C84E6B8A310F}.DebugMT.Build.0 = DebugMT|Win32
		{04D2216D-23A0-414E-96A4-C84E6B8A310F}.DebugMTD.ActiveCfg = DebugMTD|Win32
		{04D2216D-23A0-414E-96A4-C84E6B8A310F}.DebugMTD.Build.0 = DebugMTD|Win32
		{04D2216D-23A0-414E-96A4-C84E6B8A310F}.DebugST.ActiveCfg = DebugST|Win32
		{04D2216D-23A0-414E-96A4-C84E6B8A310F}.DebugST.Build.0 = DebugST|Win32
		{04D2216D-23A0-414E-96A4-C84E6B8A310F}.DebugWxMTD.ActiveCfg = DebugWxMTD|Win32
		{04D2216D-23A0-414E-96A4-C84E6B8A310F}.DebugWxMTD.Build.0 = DebugWxMTD|Win32
		{04D2216D-23A0-414E-96A4-C84E6B8A310F}.ReleaseMT.ActiveCfg = ReleaseMT|Win32
		{04D2216D-23A0-414E-96A4-C84E6B8A310F}.ReleaseMT.Build.0 = ReleaseMT|Win32
		{04D2216D-23A0-414E-96A4-C84E6B8A310F}.ReleaseMTD.ActiveCfg = ReleaseMTD|Win32
		{04D2216D-23A0-414E-96A4-C84E6B8A310F}.ReleaseMTD.Build.0 = ReleaseMTD|Win32
		{04D2216D-23A0-414E-96A4-C84E6B8A310F}.ReleaseST.ActiveCfg = ReleaseST|Win32
		{04D2216D-23A0-414E-96A4-C84E6B8A310F}.ReleaseST.Build.0 = ReleaseST|Win32
		{04D2216D-23A0-414E-96A4-C84E6B8A310F}.ReleaseWxMTD.ActiveCfg = ReleaseWxMTD|Win32
		{04D2216D-23A0-414E-96A4-C84E6B8A310F}.ReleaseWxMTD.Build.0 = ReleaseWxMTD|Win32
		{70A6C038-1902-4BF0-89F3-56FCF6B6EBC6}.DebugMT.ActiveCfg = DebugMT|Win32
		{70A6C038-1902-4BF0-89F3-56FCF6B6EBC6}.DebugMT.Build.0 = DebugMT|Win32
		{70A6C038-1902-4BF0-89F3-56FCF6B6EBC6}.DebugMTD.ActiveCfg = DebugMTD|Win32
		{70A6C038-1902-4BF0-89F3-56FCF6B6EBC6}.DebugMTD.Build.0 = DebugMTD|Win32
		{70A6C038-1902-4BF0-89F3-56FCF6B6EBC6}.DebugST.ActiveCfg = DebugST|Win32
		{70A6C038-1902-4BF0-89F3-56FCF6B6EBC6}.DebugST.Build.0 = DebugST|Win32
		{70A6C038-1902-4BF0-89F3-56FCF6B6EBC6}.DebugWxMTD.ActiveCfg = DebugWxMTD|Win32
		{70A6C038-1902-4BF0-89F3-56FCF6B6EBC6}.DebugWxMTD.Build.0 = DebugWxMTD|Win32
		{70A6C038-1902-4BF0-89F3-56FCF6B6EBC6}.ReleaseMT.ActiveCfg = ReleaseMT|Win32
		{70A6C038-1902-4BF0-89F3-56FCF6B6EBC6}.ReleaseMT.Build.0 = ReleaseMT|Win32
		{70A6C038-1902-4BF0-89F3-56FCF6B6EBC6}.ReleaseMTD.ActiveCfg = ReleaseMTD|Win32
		{70A6C038-1902-4BF0-89F3-56FCF6B6EBC6}.ReleaseMTD.Build.0 = ReleaseMTD|Win32
		{70A6C038-1902-4BF0-89F3-56FCF6B6EBC6}.ReleaseST.ActiveCfg = ReleaseST|Win32
		{70A6C038-1902-4BF0-89F3-56FCF6B6EBC6}.ReleaseST.Build.0 = ReleaseST|Win32
		{70A6C038-1902-4BF0-89F3-56FCF6B6EBC6}.ReleaseWxMTD.ActiveCfg = ReleaseWxMTD|Win32
		{70A6C038-1902-4BF0-89F3-56FCF6B6EBC6}.ReleaseWxMTD.Build.0 = ReleaseWxMTD|Win32
		{41810293-7206-42AD-B617-3B8D47705AED}.DebugMT.ActiveCfg = DebugMT|Win32
		{41810293-7206-42AD-B617-3B8D47705AED}.DebugMT.Build.0 = DebugMT|Win32
		{41810293-7206-42AD-B617-3B8D47705AED}.DebugMTD.ActiveCfg = DebugMTD|Win32
		{41810293-7206-42AD-B617-3B8D47705AED}.DebugMTD.Build.0 = DebugMTD|Win32
		{41810293-7206-42AD-B617-3B8D47705AED}.DebugST.ActiveCfg = DebugST|Win32
		{41810293-7206-42AD-B617-3B8D47705AED}.DebugST.Build.0 = DebugST|Win32
		{41810293-7206-42AD-B617-3B8D47705AED}.DebugWxMTD.ActiveCfg = DebugWxMTD|Win32
		{41810293-7206-42AD-B617-3B8D47705AED}.DebugWxMTD.Build.0 = DebugWxMTD|Win32
		{41810293-7206-42AD-B617-3B8D47705AED}.ReleaseMT.ActiveCfg = ReleaseMT|Win32
		{41810293-7206-42AD-B617-3B8D47705AED}.ReleaseMT.Build.0 = ReleaseMT|Win32
		{41810293-7206-42AD-B617-3B8D47705AED}.ReleaseMTD.ActiveCfg = ReleaseMTD|Win32
		{41810293-7206-42AD-B617-3B8D47705AED}.ReleaseMTD.Build.0 = ReleaseMTD|Win32
		{41810293-7206-42AD-B617-3B8D47705AED}.ReleaseST.ActiveCfg = ReleaseST|Win32
		{41810293-7206-42AD-B617-3B8D47705AED}.ReleaseST.Build.0 = ReleaseST|Win32
		{41810293-7206-42AD-B617-3B8D47705AED}.ReleaseWxMTD.ActiveCfg = ReleaseWxMTD|Win32
		{41810293-7206-42AD-B617-3B8D47705AED}.ReleaseWxMTD.Build.0 = ReleaseWxMTD|Win32
		{7147C67A-CD93-4592-AD6C-A46CD555E5DD}.DebugMT.ActiveCfg = DebugMT|Win32
		{7147C67A-CD93-4592-AD6C-A46CD555E5DD}.DebugMT.Build.0 = DebugMT|Win32
		{7147C67A-CD93-4592-AD6C-A46CD555E5DD}.DebugMTD.ActiveCfg = DebugMTD|Win32
		{7147C67A-CD93-4592-AD6C-A46CD555E5DD}.DebugMTD.Build.0 = DebugMTD|Win32
		{7147C67A-CD93-4592-AD6C-A46CD555E5DD}.DebugST.ActiveCfg = DebugST|Win32
		{7147C67A-CD93-4592-AD6C-A46CD555E5DD}.DebugST.Build.0 = DebugST|Win32
		{7147C67A-CD93-4592-AD6C-A46CD555E5DD}.DebugWxMTD.ActiveCfg = DebugWxMTD|Win32
		{7147C67A-CD93-4592-AD6C-A46CD555E5DD}.DebugWxMTD.Build.0 = DebugWxMTD|Win32
		{7147C67A-CD93-4592-AD6C-A46CD555E5DD}.ReleaseMT.ActiveCfg = ReleaseMT|Win32
		{7147C67A-CD93-4592-AD6C-A46CD555E5DD}.ReleaseMT.Build.0 = ReleaseMT|Win32
		{7147C67A-CD93-4592-AD6C-A46CD555E5DD}.ReleaseMTD.ActiveCfg = ReleaseMTD|Win32
		{7147C67A-CD93-4592-AD6C-A46CD555E5DD}.ReleaseMTD.Build.0 = ReleaseMTD|Win32
		{7147C67A-CD93-4592-AD6C-A46CD555E5DD}.ReleaseST.ActiveCfg = ReleaseST|Win32
		{7147C67A-CD93-4592-AD6C-A46CD555E5DD}.ReleaseST.Build.0 = ReleaseST|Win32
		{7147C67A-CD93-4592-AD6C-A46CD555E5DD}.ReleaseWxMTD.ActiveCfg = ReleaseWxMTD|Win32
		{7147C67A-CD93-4592-AD6C-A46CD555E5DD}.ReleaseWxMTD.Build.0 = ReleaseWxMTD|Win32
	EndGlobalSection
	GlobalSection(ExtensibilityGlobals) = postSolution
	EndGlobalSection
	GlobalSection(ExtensibilityAddIns) = postSolution
	EndGlobalSection
EndGlobal
