Microsoft Visual Studio Solution File, Format Version 9.00
# Visual Studio 2005
Project("{8BC9CEB8-8B4A-11D0-8D11-00A0C91BC942}") = "RichBool", "RichBool-8.0.vcproj", "{519AF3B6-619E-4212-A2B4-A069724BE5A4}"
	ProjectSection(WebsiteProperties) = preProject
		Debug.AspNetCompiler.Debug = "True"
		Release.AspNetCompiler.Debug = "False"
	EndProjectSection
EndProject
Project("{8BC9CEB8-8B4A-11D0-8D11-00A0C91BC942}") = "richbooltestbasics", "test\basics\richbooltestbasics-8.0.vcproj", "{384523F2-9C52-4710-ABDB-B9888CEA7F8D}"
	ProjectSection(ProjectDependencies) = postProject
		{519AF3B6-619E-4212-A2B4-A069724BE5A4} = {519AF3B6-619E-4212-A2B4-A069724BE5A4}
	EndProjectSection
	ProjectSection(WebsiteProperties) = preProject
		Debug.AspNetCompiler.Debug = "True"
		Release.AspNetCompiler.Debug = "False"
	EndProjectSection
EndProject
Project("{8BC9CEB8-8B4A-11D0-8D11-00A0C91BC942}") = "richbooltestmacros", "test\macros\richbooltestmacros-8.0.vcproj", "{EA963DFA-95CA-482A-9064-84B1AB57B85A}"
	ProjectSection(ProjectDependencies) = postProject
		{519AF3B6-619E-4212-A2B4-A069724BE5A4} = {519AF3B6-619E-4212-A2B4-A069724BE5A4}
	EndProjectSection
	ProjectSection(WebsiteProperties) = preProject
		Debug.AspNetCompiler.Debug = "True"
		Release.AspNetCompiler.Debug = "False"
	EndProjectSection
EndProject
Project("{8BC9CEB8-8B4A-11D0-8D11-00A0C91BC942}") = "richbooltestranges", "test\ranges\richbooltestranges-8.0.vcproj", "{B7D2AA74-3DAF-47D4-9876-A09AC11B63CE}"
	ProjectSection(ProjectDependencies) = postProject
		{519AF3B6-619E-4212-A2B4-A069724BE5A4} = {519AF3B6-619E-4212-A2B4-A069724BE5A4}
	EndProjectSection
EndProject
Global
	GlobalSection(SolutionConfigurationPlatforms) = preSolution
		DebugMT|Win32 = DebugMT|Win32
		DebugMTD|Win32 = DebugMTD|Win32
		DebugWxMTD|Win32 = DebugWxMTD|Win32
		ReleaseMT|Win32 = ReleaseMT|Win32
		ReleaseMTD|Win32 = ReleaseMTD|Win32
		ReleaseWxMTD|Win32 = ReleaseWxMTD|Win32
	EndGlobalSection
	GlobalSection(ProjectConfigurationPlatforms) = postSolution
		{519AF3B6-619E-4212-A2B4-A069724BE5A4}.DebugMT|Win32.ActiveCfg = DebugMT|Win32
		{519AF3B6-619E-4212-A2B4-A069724BE5A4}.DebugMT|Win32.Build.0 = DebugMT|Win32
		{519AF3B6-619E-4212-A2B4-A069724BE5A4}.DebugMTD|Win32.ActiveCfg = DebugMTD|Win32
		{519AF3B6-619E-4212-A2B4-A069724BE5A4}.DebugMTD|Win32.Build.0 = DebugMTD|Win32
		{519AF3B6-619E-4212-A2B4-A069724BE5A4}.DebugWxMTD|Win32.ActiveCfg = DebugWxMTD|Win32
		{519AF3B6-619E-4212-A2B4-A069724BE5A4}.DebugWxMTD|Win32.Build.0 = DebugWxMTD|Win32
		{519AF3B6-619E-4212-A2B4-A069724BE5A4}.ReleaseMT|Win32.ActiveCfg = ReleaseMT|Win32
		{519AF3B6-619E-4212-A2B4-A069724BE5A4}.ReleaseMT|Win32.Build.0 = ReleaseMT|Win32
		{519AF3B6-619E-4212-A2B4-A069724BE5A4}.ReleaseMTD|Win32.ActiveCfg = ReleaseMTD|Win32
		{519AF3B6-619E-4212-A2B4-A069724BE5A4}.ReleaseMTD|Win32.Build.0 = ReleaseMTD|Win32
		{519AF3B6-619E-4212-A2B4-A069724BE5A4}.ReleaseWxMTD|Win32.ActiveCfg = ReleaseWxMTD|Win32
		{519AF3B6-619E-4212-A2B4-A069724BE5A4}.ReleaseWxMTD|Win32.Build.0 = ReleaseWxMTD|Win32
		{384523F2-9C52-4710-ABDB-B9888CEA7F8D}.DebugMT|Win32.ActiveCfg = DebugMT|Win32
		{384523F2-9C52-4710-ABDB-B9888CEA7F8D}.DebugMT|Win32.Build.0 = DebugMT|Win32
		{384523F2-9C52-4710-ABDB-B9888CEA7F8D}.DebugMTD|Win32.ActiveCfg = DebugMTD|Win32
		{384523F2-9C52-4710-ABDB-B9888CEA7F8D}.DebugMTD|Win32.Build.0 = DebugMTD|Win32
		{384523F2-9C52-4710-ABDB-B9888CEA7F8D}.DebugWxMTD|Win32.ActiveCfg = DebugWxMTD|Win32
		{384523F2-9C52-4710-ABDB-B9888CEA7F8D}.DebugWxMTD|Win32.Build.0 = DebugWxMTD|Win32
		{384523F2-9C52-4710-ABDB-B9888CEA7F8D}.ReleaseMT|Win32.ActiveCfg = ReleaseMT|Win32
		{384523F2-9C52-4710-ABDB-B9888CEA7F8D}.ReleaseMT|Win32.Build.0 = ReleaseMT|Win32
		{384523F2-9C52-4710-ABDB-B9888CEA7F8D}.ReleaseMTD|Win32.ActiveCfg = ReleaseMTD|Win32
		{384523F2-9C52-4710-ABDB-B9888CEA7F8D}.ReleaseMTD|Win32.Build.0 = ReleaseMTD|Win32
		{384523F2-9C52-4710-ABDB-B9888CEA7F8D}.ReleaseWxMTD|Win32.ActiveCfg = ReleaseWxMTD|Win32
		{384523F2-9C52-4710-ABDB-B9888CEA7F8D}.ReleaseWxMTD|Win32.Build.0 = ReleaseWxMTD|Win32
		{EA963DFA-95CA-482A-9064-84B1AB57B85A}.DebugMT|Win32.ActiveCfg = DebugMT|Win32
		{EA963DFA-95CA-482A-9064-84B1AB57B85A}.DebugMT|Win32.Build.0 = DebugMT|Win32
		{EA963DFA-95CA-482A-9064-84B1AB57B85A}.DebugMTD|Win32.ActiveCfg = DebugMTD|Win32
		{EA963DFA-95CA-482A-9064-84B1AB57B85A}.DebugMTD|Win32.Build.0 = DebugMTD|Win32
		{EA963DFA-95CA-482A-9064-84B1AB57B85A}.DebugWxMTD|Win32.ActiveCfg = DebugWxMTD|Win32
		{EA963DFA-95CA-482A-9064-84B1AB57B85A}.DebugWxMTD|Win32.Build.0 = DebugWxMTD|Win32
		{EA963DFA-95CA-482A-9064-84B1AB57B85A}.ReleaseMT|Win32.ActiveCfg = ReleaseMT|Win32
		{EA963DFA-95CA-482A-9064-84B1AB57B85A}.ReleaseMT|Win32.Build.0 = ReleaseMT|Win32
		{EA963DFA-95CA-482A-9064-84B1AB57B85A}.ReleaseMTD|Win32.ActiveCfg = ReleaseMTD|Win32
		{EA963DFA-95CA-482A-9064-84B1AB57B85A}.ReleaseMTD|Win32.Build.0 = ReleaseMTD|Win32
		{EA963DFA-95CA-482A-9064-84B1AB57B85A}.ReleaseWxMTD|Win32.ActiveCfg = ReleaseWxMTD|Win32
		{EA963DFA-95CA-482A-9064-84B1AB57B85A}.ReleaseWxMTD|Win32.Build.0 = ReleaseWxMTD|Win32
		{B7D2AA74-3DAF-47D4-9876-A09AC11B63CE}.DebugMT|Win32.ActiveCfg = DebugMT|Win32
		{B7D2AA74-3DAF-47D4-9876-A09AC11B63CE}.DebugMT|Win32.Build.0 = DebugMT|Win32
		{B7D2AA74-3DAF-47D4-9876-A09AC11B63CE}.DebugMTD|Win32.ActiveCfg = DebugMTD|Win32
		{B7D2AA74-3DAF-47D4-9876-A09AC11B63CE}.DebugMTD|Win32.Build.0 = DebugMTD|Win32
		{B7D2AA74-3DAF-47D4-9876-A09AC11B63CE}.DebugWxMTD|Win32.ActiveCfg = DebugWxMTD|Win32
		{B7D2AA74-3DAF-47D4-9876-A09AC11B63CE}.DebugWxMTD|Win32.Build.0 = DebugWxMTD|Win32
		{B7D2AA74-3DAF-47D4-9876-A09AC11B63CE}.ReleaseMT|Win32.ActiveCfg = ReleaseMT|Win32
		{B7D2AA74-3DAF-47D4-9876-A09AC11B63CE}.ReleaseMT|Win32.Build.0 = ReleaseMT|Win32
		{B7D2AA74-3DAF-47D4-9876-A09AC11B63CE}.ReleaseMTD|Win32.ActiveCfg = ReleaseMTD|Win32
		{B7D2AA74-3DAF-47D4-9876-A09AC11B63CE}.ReleaseMTD|Win32.Build.0 = ReleaseMTD|Win32
		{B7D2AA74-3DAF-47D4-9876-A09AC11B63CE}.ReleaseWxMTD|Win32.ActiveCfg = ReleaseWxMTD|Win32
		{B7D2AA74-3DAF-47D4-9876-A09AC11B63CE}.ReleaseWxMTD|Win32.Build.0 = ReleaseWxMTD|Win32
	EndGlobalSection
	GlobalSection(SolutionProperties) = preSolution
		HideSolutionNode = FALSE
	EndGlobalSection
EndGlobal
